{
    "_meta": {
        "hash": {
            "sha256": "2c85cdb17d9876d2f340c99fefc7405164232bf141db2a163c9e0d150dedf882"
        },
        "pipfile-spec": 6,
        "requires": {
            "python_full_version": "3.11.9",
            "python_version": "3.11"
        },
        "sources": [
            {
                "name": "pypi",
                "url": "https://pypi.org/simple",
                "verify_ssl": true
            }
        ]
    },
    "default": {
        "pyperclip": {
            "hashes": [
                "sha256:105254a8b04934f0bc84e9c24eb360a591aaf6535c9def5f29d92af107a9bf57"
            ],
            "index": "pypi",
            "version": "==1.8.2"
        }
    },
    "develop": {}
}
